
Microsoft Visual Studio Solution File, Format Version 12.00
# Visual Studio Version 17
VisualStudioVersion = 17.3.32901.215
MinimumVisualStudioVersion = 10.0.40219.1
Project("{FAE04EC0-301F-11D3-BF4B-00C04F79EFBC}") = "Задание_2.3", "Задание_2.3\Задание_2.3.csproj", "{BE1F2AD4-F78F-4308-8DB4-98EA23EF9D69}"
EndProject
Global
	GlobalSection(SolutionConfigurationPlatforms) = preSolution
		Debug|Any CPU = Debug|Any CPU
		Release|Any CPU = Release|Any CPU
	EndGlobalSection
	GlobalSection(ProjectConfigurationPlatforms) = postSolution
		{BE1F2AD4-F78F-4308-8DB4-98EA23EF9D69}.Debug|Any CPU.ActiveCfg = Debug|Any CPU
		{BE1F2AD4-F78F-4308-8DB4-98EA23EF9D69}.Debug|Any CPU.Build.0 = Debug|Any CPU
		{BE1F2AD4-F78F-4308-8DB4-98EA23EF9D69}.Release|Any CPU.ActiveCfg = Release|Any CPU
		{BE1F2AD4-F78F-4308-8DB4-98EA23EF9D69}.Release|Any CPU.Build.0 = Release|Any CPU
	EndGlobalSection
	GlobalSection(SolutionProperties) = preSolution
		HideSolutionNode = FALSE
	EndGlobalSection
	GlobalSection(ExtensibilityGlobals) = postSolution
		SolutionGuid = {2B08C1DF-615A-49B8-993C-C7EDDBECBD7D}
	EndGlobalSection
EndGlobal
