
Microsoft Visual Studio Solution File, Format Version 12.00
# Visual Studio Version 17
VisualStudioVersion = 17.3.32825.248
MinimumVisualStudioVersion = 10.0.40219.1
Project("{FAE04EC0-301F-11D3-BF4B-00C04F79EFBC}") = "Новожилов_неделя 4_задание 13", "Новожилов_неделя 4_задание 13\Новожилов_неделя 4_задание 13.csproj", "{9CEAAF11-1BF7-4340-9046-4B53DE89F6FC}"
EndProject
Global
	GlobalSection(SolutionConfigurationPlatforms) = preSolution
		Debug|Any CPU = Debug|Any CPU
		Release|Any CPU = Release|Any CPU
	EndGlobalSection
	GlobalSection(ProjectConfigurationPlatforms) = postSolution
		{9CEAAF11-1BF7-4340-9046-4B53DE89F6FC}.Debug|Any CPU.ActiveCfg = Debug|Any CPU
		{9CEAAF11-1BF7-4340-9046-4B53DE89F6FC}.Debug|Any CPU.Build.0 = Debug|Any CPU
		{9CEAAF11-1BF7-4340-9046-4B53DE89F6FC}.Release|Any CPU.ActiveCfg = Release|Any CPU
		{9CEAAF11-1BF7-4340-9046-4B53DE89F6FC}.Release|Any CPU.Build.0 = Release|Any CPU
	EndGlobalSection
	GlobalSection(SolutionProperties) = preSolution
		HideSolutionNode = FALSE
	EndGlobalSection
	GlobalSection(ExtensibilityGlobals) = postSolution
		SolutionGuid = {928BF1C4-A422-4D07-9C63-1A38B62D5BBE}
	EndGlobalSection
EndGlobal
